// !$*UTF8*$!
{
	archiveVersion = 1;
	classes = {
	};
	objectVersion = 56;
	objects = {

/* Begin PBXBuildFile section */
		AA40FE212AABD1C80072A511 /* ExtensionTableList.swift in Sources */ = {isa = PBXBuildFile; fileRef = AA40FE202AABD1C80072A511 /* ExtensionTableList.swift */; };
		AA40FE242AABD2A50072A511 /* Commons.swift in Sources */ = {isa = PBXBuildFile; fileRef = AA40FE232AABD2A50072A511 /* Commons.swift */; };
		AAD099652AAA96980005659F /* RegisterViewController.swift in Sources */ = {isa = PBXBuildFile; fileRef = AAD099632AAA96980005659F /* RegisterViewController.swift */; };
		AAD099662AAA96980005659F /* RegisterViewController.xib in Resources */ = {isa = PBXBuildFile; fileRef = AAD099642AAA96980005659F /* RegisterViewController.xib */; };
		AAD099692AAA96B20005659F /* ListViewController.swift in Sources */ = {isa = PBXBuildFile; fileRef = AAD099672AAA96B20005659F /* ListViewController.swift */; };
		AAD0996A2AAA96B20005659F /* ListViewController.xib in Resources */ = {isa = PBXBuildFile; fileRef = AAD099682AAA96B20005659F /* ListViewController.xib */; };
		AAD0996D2AAA96DA0005659F /* ListCellTableViewCell.swift in Sources */ = {isa = PBXBuildFile; fileRef = AAD0996B2AAA96DA0005659F /* ListCellTableViewCell.swift */; };
		AAD0996E2AAA96DA0005659F /* ListCellTableViewCell.xib in Resources */ = {isa = PBXBuildFile; fileRef = AAD0996C2AAA96DA0005659F /* ListCellTableViewCell.xib */; };
		AAD7D8402AAA79B300902DE5 /* AppDelegate.swift in Sources */ = {isa = PBXBuildFile; fileRef = AAD7D83F2AAA79B300902DE5 /* AppDelegate.swift */; };
		AAD7D8422AAA79B300902DE5 /* SceneDelegate.swift in Sources */ = {isa = PBXBuildFile; fileRef = AAD7D8412AAA79B300902DE5 /* SceneDelegate.swift */; };
		AAD7D8442AAA79B300902DE5 /* ViewController.swift in Sources */ = {isa = PBXBuildFile; fileRef = AAD7D8432AAA79B300902DE5 /* ViewController.swift */; };
		AAD7D8472AAA79B300902DE5 /* Main.storyboard in Resources */ = {isa = PBXBuildFile; fileRef = AAD7D8452AAA79B300902DE5 /* Main.storyboard */; };
		AAD7D8492AAA79B500902DE5 /* Assets.xcassets in Resources */ = {isa = PBXBuildFile; fileRef = AAD7D8482AAA79B500902DE5 /* Assets.xcassets */; };
		AAD7D84C2AAA79B500902DE5 /* LaunchScreen.storyboard in Resources */ = {isa = PBXBuildFile; fileRef = AAD7D84A2AAA79B500902DE5 /* LaunchScreen.storyboard */; };
		AAED05F82AAABC64000B71EB /* ExtensionsRegister.swift in Sources */ = {isa = PBXBuildFile; fileRef = AAED05F72AAABC64000B71EB /* ExtensionsRegister.swift */; };
/* End PBXBuildFile section */

/* Begin PBXFileReference section */
		AA40FE202AABD1C80072A511 /* ExtensionTableList.swift */ = {isa = PBXFileReference; lastKnownFileType = sourcecode.swift; path = ExtensionTableList.swift; sourceTree = "<group>"; };
		AA40FE232AABD2A50072A511 /* Commons.swift */ = {isa = PBXFileReference; lastKnownFileType = sourcecode.swift; path = Commons.swift; sourceTree = "<group>"; };
		AAD099632AAA96980005659F /* RegisterViewController.swift */ = {isa = PBXFileReference; lastKnownFileType = sourcecode.swift; path = RegisterViewController.swift; sourceTree = "<group>"; };
		AAD099642AAA96980005659F /* RegisterViewController.xib */ = {isa = PBXFileReference; lastKnownFileType = file.xib; path = RegisterViewController.xib; sourceTree = "<group>"; };
		AAD099672AAA96B20005659F /* ListViewController.swift */ = {isa = PBXFileReference; lastKnownFileType = sourcecode.swift; path = ListViewController.swift; sourceTree = "<group>"; };
		AAD099682AAA96B20005659F /* ListViewController.xib */ = {isa = PBXFileReference; lastKnownFileType = file.xib; path = ListViewController.xib; sourceTree = "<group>"; };
		AAD0996B2AAA96DA0005659F /* ListCellTableViewCell.swift */ = {isa = PBXFileReference; lastKnownFileType = sourcecode.swift; path = ListCellTableViewCell.swift; sourceTree = "<group>"; };
		AAD0996C2AAA96DA0005659F /* ListCellTableViewCell.xib */ = {isa = PBXFileReference; lastKnownFileType = file.xib; path = ListCellTableViewCell.xib; sourceTree = "<group>"; };
		AAD7D83C2AAA79B300902DE5 /* StockVideoGameApp.app */ = {isa = PBXFileReference; explicitFileType = wrapper.application; includeInIndex = 0; path = StockVideoGameApp.app; sourceTree = BUILT_PRODUCTS_DIR; };
		AAD7D83F2AAA79B300902DE5 /* AppDelegate.swift */ = {isa = PBXFileReference; lastKnownFileType = sourcecode.swift; path = AppDelegate.swift; sourceTree = "<group>"; };
		AAD7D8412AAA79B300902DE5 /* SceneDelegate.swift */ = {isa = PBXFileReference; lastKnownFileType = sourcecode.swift; path = SceneDelegate.swift; sourceTree = "<group>"; };
		AAD7D8432AAA79B300902DE5 /* ViewController.swift */ = {isa = PBXFileReference; lastKnownFileType = sourcecode.swift; path = ViewController.swift; sourceTree = "<group>"; };
		AAD7D8462AAA79B300902DE5 /* Base */ = {isa = PBXFileReference; lastKnownFileType = file.storyboard; name = Base; path = Base.lproj/Main.storyboard; sourceTree = "<group>"; };
		AAD7D8482AAA79B500902DE5 /* Assets.xcassets */ = {isa = PBXFileReference; lastKnownFileType = folder.assetcatalog; path = Assets.xcassets; sourceTree = "<group>"; };
		AAD7D84B2AAA79B500902DE5 /* Base */ = {isa = PBXFileReference; lastKnownFileType = file.storyboard; name = Base; path = Base.lproj/LaunchScreen.storyboard; sourceTree = "<group>"; };
		AAD7D84D2AAA79B500902DE5 /* Info.plist */ = {isa = PBXFileReference; lastKnownFileType = text.plist.xml; path = Info.plist; sourceTree = "<group>"; };
		AAED05F72AAABC64000B71EB /* ExtensionsRegister.swift */ = {isa = PBXFileReference; lastKnownFileType = sourcecode.swift; path = ExtensionsRegister.swift; sourceTree = "<group>"; };
/* End PBXFileReference section */

/* Begin PBXFrameworksBuildPhase section */
		AAD7D8392AAA79B300902DE5 /* Frameworks */ = {
			isa = PBXFrameworksBuildPhase;
			buildActionMask = 2147483647;
			files = (
			);
			runOnlyForDeploymentPostprocessing = 0;
		};
/* End PBXFrameworksBuildPhase section */

/* Begin PBXGroup section */
		AA40FE222AABD25A0072A511 /* Commons */ = {
			isa = PBXGroup;
			children = (
				AA40FE232AABD2A50072A511 /* Commons.swift */,
			);
			path = Commons;
			sourceTree = "<group>";
		};
		AAD0995D2AAA95C80005659F /* Views  */ = {
			isa = PBXGroup;
			children = (
				AAD099612AAA963C0005659F /* ListView */,
				AAD0995F2AAA96140005659F /* RegisterView */,
			);
			path = "Views ";
			sourceTree = "<group>";
		};
		AAD0995E2AAA95EF0005659F /* Cells */ = {
			isa = PBXGroup;
			children = (
				AAD099622AAA967A0005659F /* ListCells */,
			);
			path = Cells;
			sourceTree = "<group>";
		};
		AAD0995F2AAA96140005659F /* RegisterView */ = {
			isa = PBXGroup;
			children = (
				AAD099632AAA96980005659F /* RegisterViewController.swift */,
				AAED05F72AAABC64000B71EB /* ExtensionsRegister.swift */,
				AAD099642AAA96980005659F /* RegisterViewController.xib */,
			);
			path = RegisterView;
			sourceTree = "<group>";
		};
		AAD099612AAA963C0005659F /* ListView */ = {
			isa = PBXGroup;
			children = (
				AAD099672AAA96B20005659F /* ListViewController.swift */,
				AAD099682AAA96B20005659F /* ListViewController.xib */,
				AA40FE202AABD1C80072A511 /* ExtensionTableList.swift */,
			);
			path = ListView;
			sourceTree = "<group>";
		};
		AAD099622AAA967A0005659F /* ListCells */ = {
			isa = PBXGroup;
			children = (
				AAD0996B2AAA96DA0005659F /* ListCellTableViewCell.swift */,
				AAD0996C2AAA96DA0005659F /* ListCellTableViewCell.xib */,
			);
			path = ListCells;
			sourceTree = "<group>";
		};
		AAD7D8332AAA79B300902DE5 = {
			isa = PBXGroup;
			children = (
				AAD7D83E2AAA79B300902DE5 /* StockVideoGameApp */,
				AAD7D83D2AAA79B300902DE5 /* Products */,
			);
			sourceTree = "<group>";
		};
		AAD7D83D2AAA79B300902DE5 /* Products */ = {
			isa = PBXGroup;
			children = (
				AAD7D83C2AAA79B300902DE5 /* StockVideoGameApp.app */,
			);
			name = Products;
			sourceTree = "<group>";
		};
		AAD7D83E2AAA79B300902DE5 /* StockVideoGameApp */ = {
			isa = PBXGroup;
			children = (
				AA40FE222AABD25A0072A511 /* Commons */,
				AAD0995E2AAA95EF0005659F /* Cells */,
				AAD0995D2AAA95C80005659F /* Views  */,
				AAD7D83F2AAA79B300902DE5 /* AppDelegate.swift */,
				AAD7D8412AAA79B300902DE5 /* SceneDelegate.swift */,
				AAD7D8432AAA79B300902DE5 /* ViewController.swift */,
				AAD7D8452AAA79B300902DE5 /* Main.storyboard */,
				AAD7D8482AAA79B500902DE5 /* Assets.xcassets */,
				AAD7D84A2AAA79B500902DE5 /* LaunchScreen.storyboard */,
				AAD7D84D2AAA79B500902DE5 /* Info.plist */,
			);
			path = StockVideoGameApp;
			sourceTree = "<group>";
		};
/* End PBXGroup section */

/* Begin PBXNativeTarget section */
		AAD7D83B2AAA79B300902DE5 /* StockVideoGameApp */ = {
			isa = PBXNativeTarget;
			buildConfigurationList = AAD7D8502AAA79B500902DE5 /* Build configuration list for PBXNativeTarget "StockVideoGameApp" */;
			buildPhases = (
				AAD7D8382AAA79B300902DE5 /* Sources */,
				AAD7D8392AAA79B300902DE5 /* Frameworks */,
				AAD7D83A2AAA79B300902DE5 /* Resources */,
			);
			buildRules = (
			);
			dependencies = (
			);
			name = StockVideoGameApp;
			productName = StockVideoGameApp;
			productReference = AAD7D83C2AAA79B300902DE5 /* StockVideoGameApp.app */;
			productType = "com.apple.product-type.application";
		};
/* End PBXNativeTarget section */

/* Begin PBXProject section */
		AAD7D8342AAA79B300902DE5 /* Project object */ = {
			isa = PBXProject;
			attributes = {
				BuildIndependentTargetsInParallel = 1;
				LastSwiftUpdateCheck = 1420;
				LastUpgradeCheck = 1420;
				TargetAttributes = {
					AAD7D83B2AAA79B300902DE5 = {
						CreatedOnToolsVersion = 14.2;
					};
				};
			};
			buildConfigurationList = AAD7D8372AAA79B300902DE5 /* Build configuration list for PBXProject "StockVideoGameApp" */;
			compatibilityVersion = "Xcode 14.0";
			developmentRegion = en;
			hasScannedForEncodings = 0;
			knownRegions = (
				en,
				Base,
			);
			mainGroup = AAD7D8332AAA79B300902DE5;
			productRefGroup = AAD7D83D2AAA79B300902DE5 /* Products */;
			projectDirPath = "";
			projectRoot = "";
			targets = (
				AAD7D83B2AAA79B300902DE5 /* StockVideoGameApp */,
			);
		};
/* End PBXProject section */

/* Begin PBXResourcesBuildPhase section */
		AAD7D83A2AAA79B300902DE5 /* Resources */ = {
			isa = PBXResourcesBuildPhase;
			buildActionMask = 2147483647;
			files = (
				AAD7D84C2AAA79B500902DE5 /* LaunchScreen.storyboard in Resources */,
				AAD7D8492AAA79B500902DE5 /* Assets.xcassets in Resources */,
				AAD0996A2AAA96B20005659F /* ListViewController.xib in Resources */,
				AAD7D8472AAA79B300902DE5 /* Main.storyboard in Resources */,
				AAD099662AAA96980005659F /* RegisterViewController.xib in Resources */,
				AAD0996E2AAA96DA0005659F /* ListCellTableViewCell.xib in Resources */,
			);
			runOnlyForDeploymentPostprocessing = 0;
		};
/* End PBXResourcesBuildPhase section */

/* Begin PBXSourcesBuildPhase section */
		AAD7D8382AAA79B300902DE5 /* Sources */ = {
			isa = PBXSourcesBuildPhase;
			buildActionMask = 2147483647;
			files = (
				AAD7D8442AAA79B300902DE5 /* ViewController.swift in Sources */,
				AAD0996D2AAA96DA0005659F /* ListCellTableViewCell.swift in Sources */,
				AAED05F82AAABC64000B71EB /* ExtensionsRegister.swift in Sources */,
				AAD7D8402AAA79B300902DE5 /* AppDelegate.swift in Sources */,
				AA40FE242AABD2A50072A511 /* Commons.swift in Sources */,
				AA40FE212AABD1C80072A511 /* ExtensionTableList.swift in Sources */,
				AAD7D8422AAA79B300902DE5 /* SceneDelegate.swift in Sources */,
				AAD099692AAA96B20005659F /* ListViewController.swift in Sources */,
				AAD099652AAA96980005659F /* RegisterViewController.swift in Sources */,
			);
			runOnlyForDeploymentPostprocessing = 0;
		};
/* End PBXSourcesBuildPhase section */

/* Begin PBXVariantGroup section */
		AAD7D8452AAA79B300902DE5 /* Main.storyboard */ = {
			isa = PBXVariantGroup;
			children = (
				AAD7D8462AAA79B300902DE5 /* Base */,
			);
			name = Main.storyboard;
			sourceTree = "<group>";
		};
		AAD7D84A2AAA79B500902DE5 /* LaunchScreen.storyboard */ = {
			isa = PBXVariantGroup;
			children = (
				AAD7D84B2AAA79B500902DE5 /* Base */,
			);
			name = LaunchScreen.storyboard;
			sourceTree = "<group>";
		};
/* End PBXVariantGroup section */

/* Begin XCBuildConfiguration section */
		AAD7D84E2AAA79B500902DE5 /* Debug */ = {
			isa = XCBuildConfiguration;
			buildSettings = {
				ALWAYS_SEARCH_USER_PATHS = NO;
				CLANG_ANALYZER_NONNULL = YES;
				CLANG_ANALYZER_NUMBER_OBJECT_CONVERSION = YES_AGGRESSIVE;
				CLANG_CXX_LANGUAGE_STANDARD = "gnu++20";
				CLANG_ENABLE_MODULES = YES;
				CLANG_ENABLE_OBJC_ARC = YES;
				CLANG_ENABLE_OBJC_WEAK = YES;
				CLANG_WARN_BLOCK_CAPTURE_AUTORELEASING = YES;
				CLANG_WARN_BOOL_CONVERSION = YES;
				CLANG_WARN_COMMA = YES;
				CLANG_WARN_CONSTANT_CONVERSION = YES;
				CLANG_WARN_DEPRECATED_OBJC_IMPLEMENTATIONS = YES;
				CLANG_WARN_DIRECT_OBJC_ISA_USAGE = YES_ERROR;
				CLANG_WARN_DOCUMENTATION_COMMENTS = YES;
				CLANG_WARN_EMPTY_BODY = YES;
				CLANG_WARN_ENUM_CONVERSION = YES;
				CLANG_WARN_INFINITE_RECURSION = YES;
				CLANG_WARN_INT_CONVERSION = YES;
				CLANG_WARN_NON_LITERAL_NULL_CONVERSION = YES;
				CLANG_WARN_OBJC_IMPLICIT_RETAIN_SELF = YES;
				CLANG_WARN_OBJC_LITERAL_CONVERSION = YES;
				CLANG_WARN_OBJC_ROOT_CLASS = YES_ERROR;
				CLANG_WARN_QUOTED_INCLUDE_IN_FRAMEWORK_HEADER = YES;
				CLANG_WARN_RANGE_LOOP_ANALYSIS = YES;
				CLANG_WARN_STRICT_PROTOTYPES = YES;
				CLANG_WARN_SUSPICIOUS_MOVE = YES;
				CLANG_WARN_UNGUARDED_AVAILABILITY = YES_AGGRESSIVE;
				CLANG_WARN_UNREACHABLE_CODE = YES;
				CLANG_WARN__DUPLICATE_METHOD_MATCH = YES;
				COPY_PHASE_STRIP = NO;
				DEBUG_INFORMATION_FORMAT = dwarf;
				ENABLE_STRICT_OBJC_MSGSEND = YES;
				ENABLE_TESTABILITY = YES;
				GCC_C_LANGUAGE_STANDARD = gnu11;
				GCC_DYNAMIC_NO_PIC = NO;
				GCC_NO_COMMON_BLOCKS = YES;
				GCC_OPTIMIZATION_LEVEL = 0;
				GCC_PREPROCESSOR_DEFINITIONS = (
					"DEBUG=1",
					"$(inherited)",
				);
				GCC_WARN_64_TO_32_BIT_CONVERSION = YES;
				GCC_WARN_ABOUT_RETURN_TYPE = YES_ERROR;
				GCC_WARN_UNDECLARED_SELECTOR = YES;
				GCC_WARN_UNINITIALIZED_AUTOS = YES_AGGRESSIVE;
				GCC_WARN_UNUSED_FUNCTION = YES;
				GCC_WARN_UNUSED_VARIABLE = YES;
				IPHONEOS_DEPLOYMENT_TARGET = 16.2;
				MTL_ENABLE_DEBUG_INFO = INCLUDE_SOURCE;
				MTL_FAST_MATH = YES;
				ONLY_ACTIVE_ARCH = YES;
				SDKROOT = iphoneos;
				SWIFT_ACTIVE_COMPILATION_CONDITIONS = DEBUG;
				SWIFT_OPTIMIZATION_LEVEL = "-Onone";
			};
			name = Debug;
		};
		AAD7D84F2AAA79B500902DE5 /* Release */ = {
			isa = XCBuildConfiguration;
			buildSettings = {
				ALWAYS_SEARCH_USER_PATHS = NO;
				CLANG_ANALYZER_NONNULL = YES;
				CLANG_ANALYZER_NUMBER_OBJECT_CONVERSION = YES_AGGRESSIVE;
				CLANG_CXX_LANGUAGE_STANDARD = "gnu++20";
				CLANG_ENABLE_MODULES = YES;
				CLANG_ENABLE_OBJC_ARC = YES;
				CLANG_ENABLE_OBJC_WEAK = YES;
				CLANG_WARN_BLOCK_CAPTURE_AUTORELEASING = YES;
				CLANG_WARN_BOOL_CONVERSION = YES;
				CLANG_WARN_COMMA = YES;
				CLANG_WARN_CONSTANT_CONVERSION = YES;
				CLANG_WARN_DEPRECATED_OBJC_IMPLEMENTATIONS = YES;
				CLANG_WARN_DIRECT_OBJC_ISA_USAGE = YES_ERROR;
				CLANG_WARN_DOCUMENTATION_COMMENTS = YES;
				CLANG_WARN_EMPTY_BODY = YES;
				CLANG_WARN_ENUM_CONVERSION = YES;
				CLANG_WARN_INFINITE_RECURSION = YES;
				CLANG_WARN_INT_CONVERSION = YES;
				CLANG_WARN_NON_LITERAL_NULL_CONVERSION = YES;
				CLANG_WARN_OBJC_IMPLICIT_RETAIN_SELF = YES;
				CLANG_WARN_OBJC_LITERAL_CONVERSION = YES;
				CLANG_WARN_OBJC_ROOT_CLASS = YES_ERROR;
				CLANG_WARN_QUOTED_INCLUDE_IN_FRAMEWORK_HEADER = YES;
				CLANG_WARN_RANGE_LOOP_ANALYSIS = YES;
				CLANG_WARN_STRICT_PROTOTYPES = YES;
				CLANG_WARN_SUSPICIOUS_MOVE = YES;
				CLANG_WARN_UNGUARDED_AVAILABILITY = YES_AGGRESSIVE;
				CLANG_WARN_UNREACHABLE_CODE = YES;
				CLANG_WARN__DUPLICATE_METHOD_MATCH = YES;
				COPY_PHASE_STRIP = NO;
				DEBUG_INFORMATION_FORMAT = "dwarf-with-dsym";
				ENABLE_NS_ASSERTIONS = NO;
				ENABLE_STRICT_OBJC_MSGSEND = YES;
				GCC_C_LANGUAGE_STANDARD = gnu11;
				GCC_NO_COMMON_BLOCKS = YES;
				GCC_WARN_64_TO_32_BIT_CONVERSION = YES;
				GCC_WARN_ABOUT_RETURN_TYPE = YES_ERROR;
				GCC_WARN_UNDECLARED_SELECTOR = YES;
				GCC_WARN_UNINITIALIZED_AUTOS = YES_AGGRESSIVE;
				GCC_WARN_UNUSED_FUNCTION = YES;
				GCC_WARN_UNUSED_VARIABLE = YES;
				IPHONEOS_DEPLOYMENT_TARGET = 16.2;
				MTL_ENABLE_DEBUG_INFO = NO;
				MTL_FAST_MATH = YES;
				SDKROOT = iphoneos;
				SWIFT_COMPILATION_MODE = wholemodule;
				SWIFT_OPTIMIZATION_LEVEL = "-O";
				VALIDATE_PRODUCT = YES;
			};
			name = Release;
		};
		AAD7D8512AAA79B500902DE5 /* Debug */ = {
			isa = XCBuildConfiguration;
			buildSettings = {
				ASSETCATALOG_COMPILER_APPICON_NAME = AppIcon;
				ASSETCATALOG_COMPILER_GLOBAL_ACCENT_COLOR_NAME = AccentColor;
				CODE_SIGN_STYLE = Automatic;
				CURRENT_PROJECT_VERSION = 1;
				GENERATE_INFOPLIST_FILE = YES;
				INFOPLIST_FILE = StockVideoGameApp/Info.plist;
				INFOPLIST_KEY_UIApplicationSupportsIndirectInputEvents = YES;
				INFOPLIST_KEY_UILaunchStoryboardName = LaunchScreen;
				INFOPLIST_KEY_UIMainStoryboardFile = Main;
				INFOPLIST_KEY_UISupportedInterfaceOrientations_iPad = "UIInterfaceOrientationPortrait UIInterfaceOrientationPortraitUpsideDown UIInterfaceOrientationLandscapeLeft UIInterfaceOrientationLandscapeRight";
				INFOPLIST_KEY_UISupportedInterfaceOrientations_iPhone = "UIInterfaceOrientationPortrait UIInterfaceOrientationLandscapeLeft UIInterfaceOrientationLandscapeRight";
				IPHONEOS_DEPLOYMENT_TARGET = 14.0;
				LD_RUNPATH_SEARCH_PATHS = (
					"$(inherited)",
					"@executable_path/Frameworks",
				);
				MARKETING_VERSION = 1.0;
				PRODUCT_BUNDLE_IDENTIFIER = MA.StockVideoGameApp;
				PRODUCT_NAME = "$(TARGET_NAME)";
				SUPPORTED_PLATFORMS = "iphoneos iphonesimulator";
				SUPPORTS_MACCATALYST = NO;
				SUPPORTS_MAC_DESIGNED_FOR_IPHONE_IPAD = NO;
				SWIFT_EMIT_LOC_STRINGS = YES;
				SWIFT_VERSION = 5.0;
				TARGETED_DEVICE_FAMILY = 1;
			};
			name = Debug;
		};
		AAD7D8522AAA79B500902DE5 /* Release */ = {
			isa = XCBuildConfiguration;
			buildSettings = {
				ASSETCATALOG_COMPILER_APPICON_NAME = AppIcon;
				ASSETCATALOG_COMPILER_GLOBAL_ACCENT_COLOR_NAME = AccentColor;
				CODE_SIGN_STYLE = Automatic;
				CURRENT_PROJECT_VERSION = 1;
				GENERATE_INFOPLIST_FILE = YES;
				INFOPLIST_FILE = StockVideoGameApp/Info.plist;
				INFOPLIST_KEY_UIApplicationSupportsIndirectInputEvents = YES;
				INFOPLIST_KEY_UILaunchStoryboardName = LaunchScreen;
				INFOPLIST_KEY_UIMainStoryboardFile = Main;
				INFOPLIST_KEY_UISupportedInterfaceOrientations_iPad = "UIInterfaceOrientationPortrait UIInterfaceOrientationPortraitUpsideDown UIInterfaceOrientationLandscapeLeft UIInterfaceOrientationLandscapeRight";
				INFOPLIST_KEY_UISupportedInterfaceOrientations_iPhone = "UIInterfaceOrientationPortrait UIInterfaceOrientationLandscapeLeft UIInterfaceOrientationLandscapeRight";
				IPHONEOS_DEPLOYMENT_TARGET = 14.0;
				LD_RUNPATH_SEARCH_PATHS = (
					"$(inherited)",
					"@executable_path/Frameworks",
				);
				MARKETING_VERSION = 1.0;
				PRODUCT_BUNDLE_IDENTIFIER = MA.StockVideoGameApp;
				PRODUCT_NAME = "$(TARGET_NAME)";
				SUPPORTED_PLATFORMS = "iphoneos iphonesimulator";
				SUPPORTS_MACCATALYST = NO;
				SUPPORTS_MAC_DESIGNED_FOR_IPHONE_IPAD = NO;
				SWIFT_EMIT_LOC_STRINGS = YES;
				SWIFT_VERSION = 5.0;
				TARGETED_DEVICE_FAMILY = 1;
			};
			name = Release;
		};
/* End XCBuildConfiguration section */

/* Begin XCConfigurationList section */
		AAD7D8372AAA79B300902DE5 /* Build configuration list for PBXProject "StockVideoGameApp" */ = {
			isa = XCConfigurationList;
			buildConfigurations = (
				AAD7D84E2AAA79B500902DE5 /* Debug */,
				AAD7D84F2AAA79B500902DE5 /* Release */,
			);
			defaultConfigurationIsVisible = 0;
			defaultConfigurationName = Release;
		};
		AAD7D8502AAA79B500902DE5 /* Build configuration list for PBXNativeTarget "StockVideoGameApp" */ = {
			isa = XCConfigurationList;
			buildConfigurations = (
				AAD7D8512AAA79B500902DE5 /* Debug */,
				AAD7D8522AAA79B500902DE5 /* Release */,
			);
			defaultConfigurationIsVisible = 0;
			defaultConfigurationName = Release;
		};
/* End XCConfigurationList section */
	};
	rootObject = AAD7D8342AAA79B300902DE5 /* Project object */;
}
